<?xml version="1.0" encoding="utf-8"?>
<Project ToolsVersion="4.0" xmlns="http://schemas.microsoft.com/developer/msbuild/2003">
  <ItemGroup>
    <Filter Include="res">
      <UniqueIdentifier>{506dd2a0-e1d1-4847-822a-081123781385}</UniqueIdentifier>
    </Filter>
  </ItemGroup>
  <ItemGroup>
    <ResourceCompile Include="res\resource.rc">
      <Filter>res</Filter>
    </ResourceCompile>
  </ItemGroup>
  <ItemGroup>
    <None Include="res\resource.rh">
      <Filter>res</Filter>
    </None>
  </ItemGroup>
  <ItemGroup>
    <ClCompile Include="GothicStarter.c" />
  </ItemGroup>
  <ItemGroup>
    <ClInclude Include="GothicStarter.h" />
  </ItemGroup>
</Project>